
Microsoft Visual Studio Solution File, Format Version 12.00
# Visual Studio 14
VisualStudioVersion = 14.0.24720.0
MinimumVisualStudioVersion = 10.0.40219.1
Project("{FAE04EC0-301F-11D3-BF4B-00C04F79EFBC}") = "ProblemSolverApp", "ProblemSolverApp\ProblemSolverApp.csproj", "{856AACDA-FC8B-4305-9155-01F27431B16E}"
EndProject
Project("{FAE04EC0-301F-11D3-BF4B-00C04F79EFBC}") = "ProblemLibrary", "ProblemLibrary\ProblemLibrary.csproj", "{28A23CC9-A695-4802-B51D-0D858C138346}"
EndProject
Global
	GlobalSection(SolutionConfigurationPlatforms) = preSolution
		Debug|Any CPU = Debug|Any CPU
		Release|Any CPU = Release|Any CPU
	EndGlobalSection
	GlobalSection(ProjectConfigurationPlatforms) = postSolution
		{856AACDA-FC8B-4305-9155-01F27431B16E}.Debug|Any CPU.ActiveCfg = Debug|Any CPU
		{856AACDA-FC8B-4305-9155-01F27431B16E}.Debug|Any CPU.Build.0 = Debug|Any CPU
		{856AACDA-FC8B-4305-9155-01F27431B16E}.Release|Any CPU.ActiveCfg = Release|Any CPU
		{856AACDA-FC8B-4305-9155-01F27431B16E}.Release|Any CPU.Build.0 = Release|Any CPU
		{28A23CC9-A695-4802-B51D-0D858C138346}.Debug|Any CPU.ActiveCfg = Debug|Any CPU
		{28A23CC9-A695-4802-B51D-0D858C138346}.Debug|Any CPU.Build.0 = Debug|Any CPU
		{28A23CC9-A695-4802-B51D-0D858C138346}.Release|Any CPU.ActiveCfg = Release|Any CPU
		{28A23CC9-A695-4802-B51D-0D858C138346}.Release|Any CPU.Build.0 = Release|Any CPU
	EndGlobalSection
	GlobalSection(SolutionProperties) = preSolution
		HideSolutionNode = FALSE
	EndGlobalSection
EndGlobal
